// !$*UTF8*$!
{
	archiveVersion = 1;
	classes = {
	};
	objectVersion = 50;
	objects = {

/* Begin PBXBuildFile section */
		26D9CCAEC8419384735B24A5 /* Pods_FlixTests.framework in Frameworks */ = {isa = PBXBuildFile; fileRef = FAE84F18593444672650D9FA /* Pods_FlixTests.framework */; };
		6F38F26D6B65378F90D95D57 /* Pods_Flix.framework in Frameworks */ = {isa = PBXBuildFile; fileRef = 3C0740E27C2A4B0842202C5C /* Pods_Flix.framework */; };
		77C538BE26EEA100001D743C /* AppDelegate.swift in Sources */ = {isa = PBXBuildFile; fileRef = 77C538BD26EEA100001D743C /* AppDelegate.swift */; };
		77C538C026EEA100001D743C /* SceneDelegate.swift in Sources */ = {isa = PBXBuildFile; fileRef = 77C538BF26EEA100001D743C /* SceneDelegate.swift */; };
		77C538C526EEA100001D743C /* Main.storyboard in Resources */ = {isa = PBXBuildFile; fileRef = 77C538C326EEA100001D743C /* Main.storyboard */; };
		77C538C726EEA101001D743C /* Assets.xcassets in Resources */ = {isa = PBXBuildFile; fileRef = 77C538C626EEA101001D743C /* Assets.xcassets */; };
		77C538CA26EEA101001D743C /* LaunchScreen.storyboard in Resources */ = {isa = PBXBuildFile; fileRef = 77C538C826EEA101001D743C /* LaunchScreen.storyboard */; };
		77C538D526EEA101001D743C /* FlixTests.swift in Sources */ = {isa = PBXBuildFile; fileRef = 77C538D426EEA101001D743C /* FlixTests.swift */; };
		77C538E026EEA101001D743C /* FlixUITests.swift in Sources */ = {isa = PBXBuildFile; fileRef = 77C538DF26EEA101001D743C /* FlixUITests.swift */; };
		77C538EE26EEA1D8001D743C /* MoviesViewController.swift in Sources */ = {isa = PBXBuildFile; fileRef = 77C538ED26EEA1D8001D743C /* MoviesViewController.swift */; };
		77C538F026EEA1EA001D743C /* MovieCell.swift in Sources */ = {isa = PBXBuildFile; fileRef = 77C538EF26EEA1EA001D743C /* MovieCell.swift */; };
		A0EF3CB7E3C19D0EC7477C7C /* Pods_Flix_FlixUITests.framework in Frameworks */ = {isa = PBXBuildFile; fileRef = 9CD9080FCC16C18E0699D2CA /* Pods_Flix_FlixUITests.framework */; };
/* End PBXBuildFile section */

/* Begin PBXContainerItemProxy section */
		77C538D126EEA101001D743C /* PBXContainerItemProxy */ = {
			isa = PBXContainerItemProxy;
			containerPortal = 77C538B226EEA100001D743C /* Project object */;
			proxyType = 1;
			remoteGlobalIDString = 77C538B926EEA100001D743C;
			remoteInfo = Flix;
		};
		77C538DC26EEA101001D743C /* PBXContainerItemProxy */ = {
			isa = PBXContainerItemProxy;
			containerPortal = 77C538B226EEA100001D743C /* Project object */;
			proxyType = 1;
			remoteGlobalIDString = 77C538B926EEA100001D743C;
			remoteInfo = Flix;
		};
/* End PBXContainerItemProxy section */

/* Begin PBXFileReference section */
		0089549EA98162D9664A74CD /* Pods-Flix.debug.xcconfig */ = {isa = PBXFileReference; includeInIndex = 1; lastKnownFileType = text.xcconfig; name = "Pods-Flix.debug.xcconfig"; path = "Target Support Files/Pods-Flix/Pods-Flix.debug.xcconfig"; sourceTree = "<group>"; };
		20944426CBDA409895F97829 /* Pods-FlixTests.debug.xcconfig */ = {isa = PBXFileReference; includeInIndex = 1; lastKnownFileType = text.xcconfig; name = "Pods-FlixTests.debug.xcconfig"; path = "Target Support Files/Pods-FlixTests/Pods-FlixTests.debug.xcconfig"; sourceTree = "<group>"; };
		2E6B5988205D938EF9DE9CB4 /* Pods-Flix.release.xcconfig */ = {isa = PBXFileReference; includeInIndex = 1; lastKnownFileType = text.xcconfig; name = "Pods-Flix.release.xcconfig"; path = "Target Support Files/Pods-Flix/Pods-Flix.release.xcconfig"; sourceTree = "<group>"; };
		3C0740E27C2A4B0842202C5C /* Pods_Flix.framework */ = {isa = PBXFileReference; explicitFileType = wrapper.framework; includeInIndex = 0; path = Pods_Flix.framework; sourceTree = BUILT_PRODUCTS_DIR; };
		525EE38BA0D97DEDAEF3978D /* Pods-Flix-FlixUITests.release.xcconfig */ = {isa = PBXFileReference; includeInIndex = 1; lastKnownFileType = text.xcconfig; name = "Pods-Flix-FlixUITests.release.xcconfig"; path = "Target Support Files/Pods-Flix-FlixUITests/Pods-Flix-FlixUITests.release.xcconfig"; sourceTree = "<group>"; };
		77C538BA26EEA100001D743C /* Flix.app */ = {isa = PBXFileReference; explicitFileType = wrapper.application; includeInIndex = 0; path = Flix.app; sourceTree = BUILT_PRODUCTS_DIR; };
		77C538BD26EEA100001D743C /* AppDelegate.swift */ = {isa = PBXFileReference; lastKnownFileType = sourcecode.swift; path = AppDelegate.swift; sourceTree = "<group>"; };
		77C538BF26EEA100001D743C /* SceneDelegate.swift */ = {isa = PBXFileReference; lastKnownFileType = sourcecode.swift; path = SceneDelegate.swift; sourceTree = "<group>"; };
		77C538C426EEA100001D743C /* Base */ = {isa = PBXFileReference; lastKnownFileType = file.storyboard; name = Base; path = Base.lproj/Main.storyboard; sourceTree = "<group>"; };
		77C538C626EEA101001D743C /* Assets.xcassets */ = {isa = PBXFileReference; lastKnownFileType = folder.assetcatalog; path = Assets.xcassets; sourceTree = "<group>"; };
		77C538C926EEA101001D743C /* Base */ = {isa = PBXFileReference; lastKnownFileType = file.storyboard; name = Base; path = Base.lproj/LaunchScreen.storyboard; sourceTree = "<group>"; };
		77C538CB26EEA101001D743C /* Info.plist */ = {isa = PBXFileReference; lastKnownFileType = text.plist.xml; path = Info.plist; sourceTree = "<group>"; };
		77C538D026EEA101001D743C /* FlixTests.xctest */ = {isa = PBXFileReference; explicitFileType = wrapper.cfbundle; includeInIndex = 0; path = FlixTests.xctest; sourceTree = BUILT_PRODUCTS_DIR; };
		77C538D426EEA101001D743C /* FlixTests.swift */ = {isa = PBXFileReference; lastKnownFileType = sourcecode.swift; path = FlixTests.swift; sourceTree = "<group>"; };
		77C538D626EEA101001D743C /* Info.plist */ = {isa = PBXFileReference; lastKnownFileType = text.plist.xml; path = Info.plist; sourceTree = "<group>"; };
		77C538DB26EEA101001D743C /* FlixUITests.xctest */ = {isa = PBXFileReference; explicitFileType = wrapper.cfbundle; includeInIndex = 0; path = FlixUITests.xctest; sourceTree = BUILT_PRODUCTS_DIR; };
		77C538DF26EEA101001D743C /* FlixUITests.swift */ = {isa = PBXFileReference; lastKnownFileType = sourcecode.swift; path = FlixUITests.swift; sourceTree = "<group>"; };
		77C538E126EEA101001D743C /* Info.plist */ = {isa = PBXFileReference; lastKnownFileType = text.plist.xml; path = Info.plist; sourceTree = "<group>"; };
		77C538ED26EEA1D8001D743C /* MoviesViewController.swift */ = {isa = PBXFileReference; lastKnownFileType = sourcecode.swift; path = MoviesViewController.swift; sourceTree = "<group>"; };
		77C538EF26EEA1EA001D743C /* MovieCell.swift */ = {isa = PBXFileReference; lastKnownFileType = sourcecode.swift; path = MovieCell.swift; sourceTree = "<group>"; };
		9CD9080FCC16C18E0699D2CA /* Pods_Flix_FlixUITests.framework */ = {isa = PBXFileReference; explicitFileType = wrapper.framework; includeInIndex = 0; path = Pods_Flix_FlixUITests.framework; sourceTree = BUILT_PRODUCTS_DIR; };
		C976F7F253BF8A950E74A684 /* Pods-FlixTests.release.xcconfig */ = {isa = PBXFileReference; includeInIndex = 1; lastKnownFileType = text.xcconfig; name = "Pods-FlixTests.release.xcconfig"; path = "Target Support Files/Pods-FlixTests/Pods-FlixTests.release.xcconfig"; sourceTree = "<group>"; };
		D6BBCE9448BD4E518219787C /* Pods-Flix-FlixUITests.debug.xcconfig */ = {isa = PBXFileReference; includeInIndex = 1; lastKnownFileType = text.xcconfig; name = "Pods-Flix-FlixUITests.debug.xcconfig"; path = "Target Support Files/Pods-Flix-FlixUITests/Pods-Flix-FlixUITests.debug.xcconfig"; sourceTree = "<group>"; };
		FAE84F18593444672650D9FA /* Pods_FlixTests.framework */ = {isa = PBXFileReference; explicitFileType = wrapper.framework; includeInIndex = 0; path = Pods_FlixTests.framework; sourceTree = BUILT_PRODUCTS_DIR; };
/* End PBXFileReference section */

/* Begin PBXFrameworksBuildPhase section */
		77C538B726EEA100001D743C /* Frameworks */ = {
			isa = PBXFrameworksBuildPhase;
			buildActionMask = 2147483647;
			files = (
				6F38F26D6B65378F90D95D57 /* Pods_Flix.framework in Frameworks */,
			);
			runOnlyForDeploymentPostprocessing = 0;
		};
		77C538CD26EEA101001D743C /* Frameworks */ = {
			isa = PBXFrameworksBuildPhase;
			buildActionMask = 2147483647;
			files = (
				26D9CCAEC8419384735B24A5 /* Pods_FlixTests.framework in Frameworks */,
			);
			runOnlyForDeploymentPostprocessing = 0;
		};
		77C538D826EEA101001D743C /* Frameworks */ = {
			isa = PBXFrameworksBuildPhase;
			buildActionMask = 2147483647;
			files = (
				A0EF3CB7E3C19D0EC7477C7C /* Pods_Flix_FlixUITests.framework in Frameworks */,
			);
			runOnlyForDeploymentPostprocessing = 0;
		};
/* End PBXFrameworksBuildPhase section */

/* Begin PBXGroup section */
		77C538B126EEA100001D743C = {
			isa = PBXGroup;
			children = (
				77C538BC26EEA100001D743C /* Flix */,
				77C538D326EEA101001D743C /* FlixTests */,
				77C538DE26EEA101001D743C /* FlixUITests */,
				77C538BB26EEA100001D743C /* Products */,
				EDA06D793E0655E5F6F4CD66 /* Pods */,
				C77D7DAD05AF8A71060D35A0 /* Frameworks */,
			);
			sourceTree = "<group>";
		};
		77C538BB26EEA100001D743C /* Products */ = {
			isa = PBXGroup;
			children = (
				77C538BA26EEA100001D743C /* Flix.app */,
				77C538D026EEA101001D743C /* FlixTests.xctest */,
				77C538DB26EEA101001D743C /* FlixUITests.xctest */,
			);
			name = Products;
			sourceTree = "<group>";
		};
		77C538BC26EEA100001D743C /* Flix */ = {
			isa = PBXGroup;
			children = (
				77C538BD26EEA100001D743C /* AppDelegate.swift */,
				77C538BF26EEA100001D743C /* SceneDelegate.swift */,
				77C538C326EEA100001D743C /* Main.storyboard */,
				77C538C626EEA101001D743C /* Assets.xcassets */,
				77C538C826EEA101001D743C /* LaunchScreen.storyboard */,
				77C538CB26EEA101001D743C /* Info.plist */,
				77C538ED26EEA1D8001D743C /* MoviesViewController.swift */,
				77C538EF26EEA1EA001D743C /* MovieCell.swift */,
			);
			path = Flix;
			sourceTree = "<group>";
		};
		77C538D326EEA101001D743C /* FlixTests */ = {
			isa = PBXGroup;
			children = (
				77C538D426EEA101001D743C /* FlixTests.swift */,
				77C538D626EEA101001D743C /* Info.plist */,
			);
			path = FlixTests;
			sourceTree = "<group>";
		};
		77C538DE26EEA101001D743C /* FlixUITests */ = {
			isa = PBXGroup;
			children = (
				77C538DF26EEA101001D743C /* FlixUITests.swift */,
				77C538E126EEA101001D743C /* Info.plist */,
			);
			path = FlixUITests;
			sourceTree = "<group>";
		};
		C77D7DAD05AF8A71060D35A0 /* Frameworks */ = {
			isa = PBXGroup;
			children = (
				3C0740E27C2A4B0842202C5C /* Pods_Flix.framework */,
				9CD9080FCC16C18E0699D2CA /* Pods_Flix_FlixUITests.framework */,
				FAE84F18593444672650D9FA /* Pods_FlixTests.framework */,
			);
			name = Frameworks;
			sourceTree = "<group>";
		};
		EDA06D793E0655E5F6F4CD66 /* Pods */ = {
			isa = PBXGroup;
			children = (
				0089549EA98162D9664A74CD /* Pods-Flix.debug.xcconfig */,
				2E6B5988205D938EF9DE9CB4 /* Pods-Flix.release.xcconfig */,
				D6BBCE9448BD4E518219787C /* Pods-Flix-FlixUITests.debug.xcconfig */,
				525EE38BA0D97DEDAEF3978D /* Pods-Flix-FlixUITests.release.xcconfig */,
				20944426CBDA409895F97829 /* Pods-FlixTests.debug.xcconfig */,
				C976F7F253BF8A950E74A684 /* Pods-FlixTests.release.xcconfig */,
			);
			name = Pods;
			path = Pods;
			sourceTree = "<group>";
		};
/* End PBXGroup section */

/* Begin PBXNativeTarget section */
		77C538B926EEA100001D743C /* Flix */ = {
			isa = PBXNativeTarget;
			buildConfigurationList = 77C538E426EEA101001D743C /* Build configuration list for PBXNativeTarget "Flix" */;
			buildPhases = (
				1050E437E0AAD1E6355F6932 /* [CP] Check Pods Manifest.lock */,
				77C538B626EEA100001D743C /* Sources */,
				77C538B726EEA100001D743C /* Frameworks */,
				77C538B826EEA100001D743C /* Resources */,
				039CF6D80752107DD36BB0FD /* [CP] Embed Pods Frameworks */,
			);
			buildRules = (
			);
			dependencies = (
			);
			name = Flix;
			productName = Flix;
			productReference = 77C538BA26EEA100001D743C /* Flix.app */;
			productType = "com.apple.product-type.application";
		};
		77C538CF26EEA101001D743C /* FlixTests */ = {
			isa = PBXNativeTarget;
			buildConfigurationList = 77C538E726EEA101001D743C /* Build configuration list for PBXNativeTarget "FlixTests" */;
			buildPhases = (
				58FE7B73F640AD6DA26DBB33 /* [CP] Check Pods Manifest.lock */,
				77C538CC26EEA101001D743C /* Sources */,
				77C538CD26EEA101001D743C /* Frameworks */,
				77C538CE26EEA101001D743C /* Resources */,
			);
			buildRules = (
			);
			dependencies = (
				77C538D226EEA101001D743C /* PBXTargetDependency */,
			);
			name = FlixTests;
			productName = FlixTests;
			productReference = 77C538D026EEA101001D743C /* FlixTests.xctest */;
			productType = "com.apple.product-type.bundle.unit-test";
		};
		77C538DA26EEA101001D743C /* FlixUITests */ = {
			isa = PBXNativeTarget;
			buildConfigurationList = 77C538EA26EEA101001D743C /* Build configuration list for PBXNativeTarget "FlixUITests" */;
			buildPhases = (
				5340A6CBA634BAC56A227657 /* [CP] Check Pods Manifest.lock */,
				77C538D726EEA101001D743C /* Sources */,
				77C538D826EEA101001D743C /* Frameworks */,
				77C538D926EEA101001D743C /* Resources */,
				36E6D93DC339FE3012A17B86 /* [CP] Embed Pods Frameworks */,
			);
			buildRules = (
			);
			dependencies = (
				77C538DD26EEA101001D743C /* PBXTargetDependency */,
			);
			name = FlixUITests;
			productName = FlixUITests;
			productReference = 77C538DB26EEA101001D743C /* FlixUITests.xctest */;
			productType = "com.apple.product-type.bundle.ui-testing";
		};
/* End PBXNativeTarget section */

/* Begin PBXProject section */
		77C538B226EEA100001D743C /* Project object */ = {
			isa = PBXProject;
			attributes = {
				LastSwiftUpdateCheck = 1250;
				LastUpgradeCheck = 1250;
				TargetAttributes = {
					77C538B926EEA100001D743C = {
						CreatedOnToolsVersion = 12.5.1;
					};
					77C538CF26EEA101001D743C = {
						CreatedOnToolsVersion = 12.5.1;
						TestTargetID = 77C538B926EEA100001D743C;
					};
					77C538DA26EEA101001D743C = {
						CreatedOnToolsVersion = 12.5.1;
						TestTargetID = 77C538B926EEA100001D743C;
					};
				};
			};
			buildConfigurationList = 77C538B526EEA100001D743C /* Build configuration list for PBXProject "Flix" */;
			compatibilityVersion = "Xcode 9.3";
			developmentRegion = en;
			hasScannedForEncodings = 0;
			knownRegions = (
				en,
				Base,
			);
			mainGroup = 77C538B126EEA100001D743C;
			productRefGroup = 77C538BB26EEA100001D743C /* Products */;
			projectDirPath = "";
			projectRoot = "";
			targets = (
				77C538B926EEA100001D743C /* Flix */,
				77C538CF26EEA101001D743C /* FlixTests */,
				77C538DA26EEA101001D743C /* FlixUITests */,
			);
		};
/* End PBXProject section */

/* Begin PBXResourcesBuildPhase section */
		77C538B826EEA100001D743C /* Resources */ = {
			isa = PBXResourcesBuildPhase;
			buildActionMask = 2147483647;
			files = (
				77C538CA26EEA101001D743C /* LaunchScreen.storyboard in Resources */,
				77C538C726EEA101001D743C /* Assets.xcassets in Resources */,
				77C538C526EEA100001D743C /* Main.storyboard in Resources */,
			);
			runOnlyForDeploymentPostprocessing = 0;
		};
		77C538CE26EEA101001D743C /* Resources */ = {
			isa = PBXResourcesBuildPhase;
			buildActionMask = 2147483647;
			files = (
			);
			runOnlyForDeploymentPostprocessing = 0;
		};
		77C538D926EEA101001D743C /* Resources */ = {
			isa = PBXResourcesBuildPhase;
			buildActionMask = 2147483647;
			files = (
			);
			runOnlyForDeploymentPostprocessing = 0;
		};
/* End PBXResourcesBuildPhase section */

/* Begin PBXShellScriptBuildPhase section */
		039CF6D80752107DD36BB0FD /* [CP] Embed Pods Frameworks */ = {
			isa = PBXShellScriptBuildPhase;
			buildActionMask = 2147483647;
			files = (
			);
			inputFileListPaths = (
				"${PODS_ROOT}/Target Support Files/Pods-Flix/Pods-Flix-frameworks-${CONFIGURATION}-input-files.xcfilelist",
			);
			name = "[CP] Embed Pods Frameworks";
			outputFileListPaths = (
				"${PODS_ROOT}/Target Support Files/Pods-Flix/Pods-Flix-frameworks-${CONFIGURATION}-output-files.xcfilelist",
			);
			runOnlyForDeploymentPostprocessing = 0;
			shellPath = /bin/sh;
			shellScript = "\"${PODS_ROOT}/Target Support Files/Pods-Flix/Pods-Flix-frameworks.sh\"\n";
			showEnvVarsInLog = 0;
		};
		1050E437E0AAD1E6355F6932 /* [CP] Check Pods Manifest.lock */ = {
			isa = PBXShellScriptBuildPhase;
			buildActionMask = 2147483647;
			files = (
			);
			inputFileListPaths = (
			);
			inputPaths = (
				"${PODS_PODFILE_DIR_PATH}/Podfile.lock",
				"${PODS_ROOT}/Manifest.lock",
			);
			name = "[CP] Check Pods Manifest.lock";
			outputFileListPaths = (
			);
			outputPaths = (
				"$(DERIVED_FILE_DIR)/Pods-Flix-checkManifestLockResult.txt",
			);
			runOnlyForDeploymentPostprocessing = 0;
			shellPath = /bin/sh;
			shellScript = "diff \"${PODS_PODFILE_DIR_PATH}/Podfile.lock\" \"${PODS_ROOT}/Manifest.lock\" > /dev/null\nif [ $? != 0 ] ; then\n    # print error to STDERR\n    echo \"error: The sandbox is not in sync with the Podfile.lock. Run 'pod install' or update your CocoaPods installation.\" >&2\n    exit 1\nfi\n# This output is used by Xcode 'outputs' to avoid re-running this script phase.\necho \"SUCCESS\" > \"${SCRIPT_OUTPUT_FILE_0}\"\n";
			showEnvVarsInLog = 0;
		};
		36E6D93DC339FE3012A17B86 /* [CP] Embed Pods Frameworks */ = {
			isa = PBXShellScriptBuildPhase;
			buildActionMask = 2147483647;
			files = (
			);
			inputFileListPaths = (
				"${PODS_ROOT}/Target Support Files/Pods-Flix-FlixUITests/Pods-Flix-FlixUITests-frameworks-${CONFIGURATION}-input-files.xcfilelist",
			);
			name = "[CP] Embed Pods Frameworks";
			outputFileListPaths = (
				"${PODS_ROOT}/Target Support Files/Pods-Flix-FlixUITests/Pods-Flix-FlixUITests-frameworks-${CONFIGURATION}-output-files.xcfilelist",
			);
			runOnlyForDeploymentPostprocessing = 0;
			shellPath = /bin/sh;
			shellScript = "\"${PODS_ROOT}/Target Support Files/Pods-Flix-FlixUITests/Pods-Flix-FlixUITests-frameworks.sh\"\n";
			showEnvVarsInLog = 0;
		};
		5340A6CBA634BAC56A227657 /* [CP] Check Pods Manifest.lock */ = {
			isa = PBXShellScriptBuildPhase;
			buildActionMask = 2147483647;
			files = (
			);
			inputFileListPaths = (
			);
			inputPaths = (
				"${PODS_PODFILE_DIR_PATH}/Podfile.lock",
				"${PODS_ROOT}/Manifest.lock",
			);
			name = "[CP] Check Pods Manifest.lock";
			outputFileListPaths = (
			);
			outputPaths = (
				"$(DERIVED_FILE_DIR)/Pods-Flix-FlixUITests-checkManifestLockResult.txt",
			);
			runOnlyForDeploymentPostprocessing = 0;
			shellPath = /bin/sh;
			shellScript = "diff \"${PODS_PODFILE_DIR_PATH}/Podfile.lock\" \"${PODS_ROOT}/Manifest.lock\" > /dev/null\nif [ $? != 0 ] ; then\n    # print error to STDERR\n    echo \"error: The sandbox is not in sync with the Podfile.lock. Run 'pod install' or update your CocoaPods installation.\" >&2\n    exit 1\nfi\n# This output is used by Xcode 'outputs' to avoid re-running this script phase.\necho \"SUCCESS\" > \"${SCRIPT_OUTPUT_FILE_0}\"\n";
			showEnvVarsInLog = 0;
		};
		58FE7B73F640AD6DA26DBB33 /* [CP] Check Pods Manifest.lock */ = {
			isa = PBXShellScriptBuildPhase;
			buildActionMask = 2147483647;
			files = (
			);
			inputFileListPaths = (
			);
			inputPaths = (
				"${PODS_PODFILE_DIR_PATH}/Podfile.lock",
				"${PODS_ROOT}/Manifest.lock",
			);
			name = "[CP] Check Pods Manifest.lock";
			outputFileListPaths = (
			);
			outputPaths = (
				"$(DERIVED_FILE_DIR)/Pods-FlixTests-checkManifestLockResult.txt",
			);
			runOnlyForDeploymentPostprocessing = 0;
			shellPath = /bin/sh;
			shellScript = "diff \"${PODS_PODFILE_DIR_PATH}/Podfile.lock\" \"${PODS_ROOT}/Manifest.lock\" > /dev/null\nif [ $? != 0 ] ; then\n    # print error to STDERR\n    echo \"error: The sandbox is not in sync with the Podfile.lock. Run 'pod install' or update your CocoaPods installation.\" >&2\n    exit 1\nfi\n# This output is used by Xcode 'outputs' to avoid re-running this script phase.\necho \"SUCCESS\" > \"${SCRIPT_OUTPUT_FILE_0}\"\n";
			showEnvVarsInLog = 0;
		};
/* End PBXShellScriptBuildPhase section */

/* Begin PBXSourcesBuildPhase section */
		77C538B626EEA100001D743C /* Sources */ = {
			isa = PBXSourcesBuildPhase;
			buildActionMask = 2147483647;
			files = (
				77C538BE26EEA100001D743C /* AppDelegate.swift in Sources */,
				77C538C026EEA100001D743C /* SceneDelegate.swift in Sources */,
				77C538F026EEA1EA001D743C /* MovieCell.swift in Sources */,
				77C538EE26EEA1D8001D743C /* MoviesViewController.swift in Sources */,
			);
			runOnlyForDeploymentPostprocessing = 0;
		};
		77C538CC26EEA101001D743C /* Sources */ = {
			isa = PBXSourcesBuildPhase;
			buildActionMask = 2147483647;
			files = (
				77C538D526EEA101001D743C /* FlixTests.swift in Sources */,
			);
			runOnlyForDeploymentPostprocessing = 0;
		};
		77C538D726EEA101001D743C /* Sources */ = {
			isa = PBXSourcesBuildPhase;
			buildActionMask = 2147483647;
			files = (
				77C538E026EEA101001D743C /* FlixUITests.swift in Sources */,
			);
			runOnlyForDeploymentPostprocessing = 0;
		};
/* End PBXSourcesBuildPhase section */

/* Begin PBXTargetDependency section */
		77C538D226EEA101001D743C /* PBXTargetDependency */ = {
			isa = PBXTargetDependency;
			target = 77C538B926EEA100001D743C /* Flix */;
			targetProxy = 77C538D126EEA101001D743C /* PBXContainerItemProxy */;
		};
		77C538DD26EEA101001D743C /* PBXTargetDependency */ = {
			isa = PBXTargetDependency;
			target = 77C538B926EEA100001D743C /* Flix */;
			targetProxy = 77C538DC26EEA101001D743C /* PBXContainerItemProxy */;
		};
/* End PBXTargetDependency section */

/* Begin PBXVariantGroup section */
		77C538C326EEA100001D743C /* Main.storyboard */ = {
			isa = PBXVariantGroup;
			children = (
				77C538C426EEA100001D743C /* Base */,
			);
			name = Main.storyboard;
			sourceTree = "<group>";
		};
		77C538C826EEA101001D743C /* LaunchScreen.storyboard */ = {
			isa = PBXVariantGroup;
			children = (
				77C538C926EEA101001D743C /* Base */,
			);
			name = LaunchScreen.storyboard;
			sourceTree = "<group>";
		};
/* End PBXVariantGroup section */

/* Begin XCBuildConfiguration section */
		77C538E226EEA101001D743C /* Debug */ = {
			isa = XCBuildConfiguration;
			buildSettings = {
				ALWAYS_SEARCH_USER_PATHS = NO;
				CLANG_ANALYZER_NONNULL = YES;
				CLANG_ANALYZER_NUMBER_OBJECT_CONVERSION = YES_AGGRESSIVE;
				CLANG_CXX_LANGUAGE_STANDARD = "gnu++14";
				CLANG_CXX_LIBRARY = "libc++";
				CLANG_ENABLE_MODULES = YES;
				CLANG_ENABLE_OBJC_ARC = YES;
				CLANG_ENABLE_OBJC_WEAK = YES;
				CLANG_WARN_BLOCK_CAPTURE_AUTORELEASING = YES;
				CLANG_WARN_BOOL_CONVERSION = YES;
				CLANG_WARN_COMMA = YES;
				CLANG_WARN_CONSTANT_CONVERSION = YES;
				CLANG_WARN_DEPRECATED_OBJC_IMPLEMENTATIONS = YES;
				CLANG_WARN_DIRECT_OBJC_ISA_USAGE = YES_ERROR;
				CLANG_WARN_DOCUMENTATION_COMMENTS = YES;
				CLANG_WARN_EMPTY_BODY = YES;
				CLANG_WARN_ENUM_CONVERSION = YES;
				CLANG_WARN_INFINITE_RECURSION = YES;
				CLANG_WARN_INT_CONVERSION = YES;
				CLANG_WARN_NON_LITERAL_NULL_CONVERSION = YES;
				CLANG_WARN_OBJC_IMPLICIT_RETAIN_SELF = YES;
				CLANG_WARN_OBJC_LITERAL_CONVERSION = YES;
				CLANG_WARN_OBJC_ROOT_CLASS = YES_ERROR;
				CLANG_WARN_QUOTED_INCLUDE_IN_FRAMEWORK_HEADER = YES;
				CLANG_WARN_RANGE_LOOP_ANALYSIS = YES;
				CLANG_WARN_STRICT_PROTOTYPES = YES;
				CLANG_WARN_SUSPICIOUS_MOVE = YES;
				CLANG_WARN_UNGUARDED_AVAILABILITY = YES_AGGRESSIVE;
				CLANG_WARN_UNREACHABLE_CODE = YES;
				CLANG_WARN__DUPLICATE_METHOD_MATCH = YES;
				COPY_PHASE_STRIP = NO;
				DEBUG_INFORMATION_FORMAT = dwarf;
				ENABLE_STRICT_OBJC_MSGSEND = YES;
				ENABLE_TESTABILITY = YES;
				GCC_C_LANGUAGE_STANDARD = gnu11;
				GCC_DYNAMIC_NO_PIC = NO;
				GCC_NO_COMMON_BLOCKS = YES;
				GCC_OPTIMIZATION_LEVEL = 0;
				GCC_PREPROCESSOR_DEFINITIONS = (
					"DEBUG=1",
					"$(inherited)",
				);
				GCC_WARN_64_TO_32_BIT_CONVERSION = YES;
				GCC_WARN_ABOUT_RETURN_TYPE = YES_ERROR;
				GCC_WARN_UNDECLARED_SELECTOR = YES;
				GCC_WARN_UNINITIALIZED_AUTOS = YES_AGGRESSIVE;
				GCC_WARN_UNUSED_FUNCTION = YES;
				GCC_WARN_UNUSED_VARIABLE = YES;
				IPHONEOS_DEPLOYMENT_TARGET = 14.5;
				MTL_ENABLE_DEBUG_INFO = INCLUDE_SOURCE;
				MTL_FAST_MATH = YES;
				ONLY_ACTIVE_ARCH = YES;
				SDKROOT = iphoneos;
				SWIFT_ACTIVE_COMPILATION_CONDITIONS = DEBUG;
				SWIFT_OPTIMIZATION_LEVEL = "-Onone";
			};
			name = Debug;
		};
		77C538E326EEA101001D743C /* Release */ = {
			isa = XCBuildConfiguration;
			buildSettings = {
				ALWAYS_SEARCH_USER_PATHS = NO;
				CLANG_ANALYZER_NONNULL = YES;
				CLANG_ANALYZER_NUMBER_OBJECT_CONVERSION = YES_AGGRESSIVE;
				CLANG_CXX_LANGUAGE_STANDARD = "gnu++14";
				CLANG_CXX_LIBRARY = "libc++";
				CLANG_ENABLE_MODULES = YES;
				CLANG_ENABLE_OBJC_ARC = YES;
				CLANG_ENABLE_OBJC_WEAK = YES;
				CLANG_WARN_BLOCK_CAPTURE_AUTORELEASING = YES;
				CLANG_WARN_BOOL_CONVERSION = YES;
				CLANG_WARN_COMMA = YES;
				CLANG_WARN_CONSTANT_CONVERSION = YES;
				CLANG_WARN_DEPRECATED_OBJC_IMPLEMENTATIONS = YES;
				CLANG_WARN_DIRECT_OBJC_ISA_USAGE = YES_ERROR;
				CLANG_WARN_DOCUMENTATION_COMMENTS = YES;
				CLANG_WARN_EMPTY_BODY = YES;
				CLANG_WARN_ENUM_CONVERSION = YES;
				CLANG_WARN_INFINITE_RECURSION = YES;
				CLANG_WARN_INT_CONVERSION = YES;
				CLANG_WARN_NON_LITERAL_NULL_CONVERSION = YES;
				CLANG_WARN_OBJC_IMPLICIT_RETAIN_SELF = YES;
				CLANG_WARN_OBJC_LITERAL_CONVERSION = YES;
				CLANG_WARN_OBJC_ROOT_CLASS = YES_ERROR;
				CLANG_WARN_QUOTED_INCLUDE_IN_FRAMEWORK_HEADER = YES;
				CLANG_WARN_RANGE_LOOP_ANALYSIS = YES;
				CLANG_WARN_STRICT_PROTOTYPES = YES;
				CLANG_WARN_SUSPICIOUS_MOVE = YES;
				CLANG_WARN_UNGUARDED_AVAILABILITY = YES_AGGRESSIVE;
				CLANG_WARN_UNREACHABLE_CODE = YES;
				CLANG_WARN__DUPLICATE_METHOD_MATCH = YES;
				COPY_PHASE_STRIP = NO;
				DEBUG_INFORMATION_FORMAT = "dwarf-with-dsym";
				ENABLE_NS_ASSERTIONS = NO;
				ENABLE_STRICT_OBJC_MSGSEND = YES;
				GCC_C_LANGUAGE_STANDARD = gnu11;
				GCC_NO_COMMON_BLOCKS = YES;
				GCC_WARN_64_TO_32_BIT_CONVERSION = YES;
				GCC_WARN_ABOUT_RETURN_TYPE = YES_ERROR;
				GCC_WARN_UNDECLARED_SELECTOR = YES;
				GCC_WARN_UNINITIALIZED_AUTOS = YES_AGGRESSIVE;
				GCC_WARN_UNUSED_FUNCTION = YES;
				GCC_WARN_UNUSED_VARIABLE = YES;
				IPHONEOS_DEPLOYMENT_TARGET = 14.5;
				MTL_ENABLE_DEBUG_INFO = NO;
				MTL_FAST_MATH = YES;
				SDKROOT = iphoneos;
				SWIFT_COMPILATION_MODE = wholemodule;
				SWIFT_OPTIMIZATION_LEVEL = "-O";
				VALIDATE_PRODUCT = YES;
			};
			name = Release;
		};
		77C538E526EEA101001D743C /* Debug */ = {
			isa = XCBuildConfiguration;
			baseConfigurationReference = 0089549EA98162D9664A74CD /* Pods-Flix.debug.xcconfig */;
			buildSettings = {
				ASSETCATALOG_COMPILER_APPICON_NAME = AppIcon;
				ASSETCATALOG_COMPILER_GLOBAL_ACCENT_COLOR_NAME = AccentColor;
				CODE_SIGN_STYLE = Automatic;
				DEVELOPMENT_TEAM = 98VT3GVT33;
				INFOPLIST_FILE = Flix/Info.plist;
				LD_RUNPATH_SEARCH_PATHS = (
					"$(inherited)",
					"@executable_path/Frameworks",
				);
				PRODUCT_BUNDLE_IDENTIFIER = com.brndntrn.Flix;
				PRODUCT_NAME = "$(TARGET_NAME)";
				SWIFT_VERSION = 5.0;
				TARGETED_DEVICE_FAMILY = "1,2";
			};
			name = Debug;
		};
		77C538E626EEA101001D743C /* Release */ = {
			isa = XCBuildConfiguration;
			baseConfigurationReference = 2E6B5988205D938EF9DE9CB4 /* Pods-Flix.release.xcconfig */;
			buildSettings = {
				ASSETCATALOG_COMPILER_APPICON_NAME = AppIcon;
				ASSETCATALOG_COMPILER_GLOBAL_ACCENT_COLOR_NAME = AccentColor;
				CODE_SIGN_STYLE = Automatic;
				DEVELOPMENT_TEAM = 98VT3GVT33;
				INFOPLIST_FILE = Flix/Info.plist;
				LD_RUNPATH_SEARCH_PATHS = (
					"$(inherited)",
					"@executable_path/Frameworks",
				);
				PRODUCT_BUNDLE_IDENTIFIER = com.brndntrn.Flix;
				PRODUCT_NAME = "$(TARGET_NAME)";
				SWIFT_VERSION = 5.0;
				TARGETED_DEVICE_FAMILY = "1,2";
			};
			name = Release;
		};
		77C538E826EEA101001D743C /* Debug */ = {
			isa = XCBuildConfiguration;
			baseConfigurationReference = 20944426CBDA409895F97829 /* Pods-FlixTests.debug.xcconfig */;
			buildSettings = {
				ALWAYS_EMBED_SWIFT_STANDARD_LIBRARIES = YES;
				BUNDLE_LOADER = "$(TEST_HOST)";
				CODE_SIGN_STYLE = Automatic;
				DEVELOPMENT_TEAM = 98VT3GVT33;
				INFOPLIST_FILE = FlixTests/Info.plist;
				IPHONEOS_DEPLOYMENT_TARGET = 14.5;
				LD_RUNPATH_SEARCH_PATHS = (
					"$(inherited)",
					"@executable_path/Frameworks",
					"@loader_path/Frameworks",
				);
				PRODUCT_BUNDLE_IDENTIFIER = com.brndntrn.FlixTests;
				PRODUCT_NAME = "$(TARGET_NAME)";
				SWIFT_VERSION = 5.0;
				TARGETED_DEVICE_FAMILY = "1,2";
				TEST_HOST = "$(BUILT_PRODUCTS_DIR)/Flix.app/Flix";
			};
			name = Debug;
		};
		77C538E926EEA101001D743C /* Release */ = {
			isa = XCBuildConfiguration;
			baseConfigurationReference = C976F7F253BF8A950E74A684 /* Pods-FlixTests.release.xcconfig */;
			buildSettings = {
				ALWAYS_EMBED_SWIFT_STANDARD_LIBRARIES = YES;
				BUNDLE_LOADER = "$(TEST_HOST)";
				CODE_SIGN_STYLE = Automatic;
				DEVELOPMENT_TEAM = 98VT3GVT33;
				INFOPLIST_FILE = FlixTests/Info.plist;
				IPHONEOS_DEPLOYMENT_TARGET = 14.5;
				LD_RUNPATH_SEARCH_PATHS = (
					"$(inherited)",
					"@executable_path/Frameworks",
					"@loader_path/Frameworks",
				);
				PRODUCT_BUNDLE_IDENTIFIER = com.brndntrn.FlixTests;
				PRODUCT_NAME = "$(TARGET_NAME)";
				SWIFT_VERSION = 5.0;
				TARGETED_DEVICE_FAMILY = "1,2";
				TEST_HOST = "$(BUILT_PRODUCTS_DIR)/Flix.app/Flix";
			};
			name = Release;
		};
		77C538EB26EEA101001D743C /* Debug */ = {
			isa = XCBuildConfiguration;
			baseConfigurationReference = D6BBCE9448BD4E518219787C /* Pods-Flix-FlixUITests.debug.xcconfig */;
			buildSettings = {
				ALWAYS_EMBED_SWIFT_STANDARD_LIBRARIES = YES;
				CODE_SIGN_STYLE = Automatic;
				DEVELOPMENT_TEAM = 98VT3GVT33;
				INFOPLIST_FILE = FlixUITests/Info.plist;
				LD_RUNPATH_SEARCH_PATHS = (
					"$(inherited)",
					"@executable_path/Frameworks",
					"@loader_path/Frameworks",
				);
				PRODUCT_BUNDLE_IDENTIFIER = com.brndntrn.FlixUITests;
				PRODUCT_NAME = "$(TARGET_NAME)";
				SWIFT_VERSION = 5.0;
				TARGETED_DEVICE_FAMILY = "1,2";
				TEST_TARGET_NAME = Flix;
			};
			name = Debug;
		};
		77C538EC26EEA101001D743C /* Release */ = {
			isa = XCBuildConfiguration;
			baseConfigurationReference = 525EE38BA0D97DEDAEF3978D /* Pods-Flix-FlixUITests.release.xcconfig */;
			buildSettings = {
				ALWAYS_EMBED_SWIFT_STANDARD_LIBRARIES = YES;
				CODE_SIGN_STYLE = Automatic;
				DEVELOPMENT_TEAM = 98VT3GVT33;
				INFOPLIST_FILE = FlixUITests/Info.plist;
				LD_RUNPATH_SEARCH_PATHS = (
					"$(inherited)",
					"@executable_path/Frameworks",
					"@loader_path/Frameworks",
				);
				PRODUCT_BUNDLE_IDENTIFIER = com.brndntrn.FlixUITests;
				PRODUCT_NAME = "$(TARGET_NAME)";
				SWIFT_VERSION = 5.0;
				TARGETED_DEVICE_FAMILY = "1,2";
				TEST_TARGET_NAME = Flix;
			};
			name = Release;
		};
/* End XCBuildConfiguration section */

/* Begin XCConfigurationList section */
		77C538B526EEA100001D743C /* Build configuration list for PBXProject "Flix" */ = {
			isa = XCConfigurationList;
			buildConfigurations = (
				77C538E226EEA101001D743C /* Debug */,
				77C538E326EEA101001D743C /* Release */,
			);
			defaultConfigurationIsVisible = 0;
			defaultConfigurationName = Release;
		};
		77C538E426EEA101001D743C /* Build configuration list for PBXNativeTarget "Flix" */ = {
			isa = XCConfigurationList;
			buildConfigurations = (
				77C538E526EEA101001D743C /* Debug */,
				77C538E626EEA101001D743C /* Release */,
			);
			defaultConfigurationIsVisible = 0;
			defaultConfigurationName = Release;
		};
		77C538E726EEA101001D743C /* Build configuration list for PBXNativeTarget "FlixTests" */ = {
			isa = XCConfigurationList;
			buildConfigurations = (
				77C538E826EEA101001D743C /* Debug */,
				77C538E926EEA101001D743C /* Release */,
			);
			defaultConfigurationIsVisible = 0;
			defaultConfigurationName = Release;
		};
		77C538EA26EEA101001D743C /* Build configuration list for PBXNativeTarget "FlixUITests" */ = {
			isa = XCConfigurationList;
			buildConfigurations = (
				77C538EB26EEA101001D743C /* Debug */,
				77C538EC26EEA101001D743C /* Release */,
			);
			defaultConfigurationIsVisible = 0;
			defaultConfigurationName = Release;
		};
/* End XCConfigurationList section */
	};
	rootObject = 77C538B226EEA100001D743C /* Project object */;
}
